// !$*UTF8*$!
{
	archiveVersion = 1;
	classes = {
	};
	objectVersion = 56;
	objects = {

/* Begin PBXBuildFile section */
		1A0001001F1A0001 /* IronmanTrainerApp.swift in Sources */ = {isa = PBXBuildFile; fileRef = 1A0000FF1F1A0001 /* IronmanTrainerApp.swift */; };
		1A0001031F1A0001 /* ContentView.swift in Sources */ = {isa = PBXBuildFile; fileRef = 1A0001021F1A0001 /* ContentView.swift */; };
		1A0001051F1A0001 /* Assets.xcassets in Resources */ = {isa = PBXBuildFile; fileRef = 1A0001041F1A0001 /* Assets.xcassets */; };
		1A00010A1F1A0001 /* Config.plist in Resources */ = {isa = PBXBuildFile; fileRef = 1A0001091F1A0001 /* Config.plist */; };
		1A00010B1F1A0001 /* IronmanTrainer.xcdatamodeld in Resources */ = {isa = PBXBuildFile; fileRef = 1A00010C1F1A0001 /* IronmanTrainer.xcdatamodeld */; };
		1A0001501F1A0001 /* TrainingPlanManagerTests.swift in Sources */ = {isa = PBXBuildFile; fileRef = 1A00014E1F1A0001 /* TrainingPlanManagerTests.swift */; };
		1A0001511F1A0001 /* WorkoutMatchingTests.swift in Sources */ = {isa = PBXBuildFile; fileRef = 1A00014F1F1A0001 /* WorkoutMatchingTests.swift */; };
		1A0001521F1A0001 /* WeatherForecastTests.swift in Sources */ = {isa = PBXBuildFile; fileRef = 1A0001531F1A0001 /* WeatherForecastTests.swift */; };
		1A0001641F1A0002 /* ChatSwapTests.swift in Sources */ = {isa = PBXBuildFile; fileRef = 1A0001651F1A0002 /* ChatSwapTests.swift */; };
		1AA000010A0A0001 /* IronmanTrainerWidget.swift in Sources */ = {isa = PBXBuildFile; fileRef = 1AA000020A0A0001 /* IronmanTrainerWidget.swift */; };
		1AA000030A0A0001 /* WidgetKit.framework in Frameworks */ = {isa = PBXBuildFile; fileRef = 1AA000040A0A0001 /* WidgetKit.framework */; };
		1AA000050A0A0001 /* SwiftUI.framework in Frameworks */ = {isa = PBXBuildFile; fileRef = 1AA000060A0A0001 /* SwiftUI.framework */; };
		1AA000070A0A0001 /* IronmanTrainerWidgetExtension.appex in Embed Foundation Extensions */ = {isa = PBXBuildFile; fileRef = 1AA000080A0A0001 /* IronmanTrainerWidgetExtension.appex */; settings = {ATTRIBUTES = (RemoveHeadersOnCopy, ); }; };
/* End PBXBuildFile section */

/* Begin PBXFileReference section */
		1A00000A1F1A0001 /* IronmanTrainer.app */ = {isa = PBXFileReference; explicitFileType = wrapper.application; includeInIndex = 0; path = IronmanTrainer.app; sourceTree = BUILT_PRODUCTS_DIR; };
		1A0000FF1F1A0001 /* IronmanTrainerApp.swift */ = {isa = PBXFileReference; lastKnownFileType = sourcecode.swift; path = IronmanTrainerApp.swift; sourceTree = "<group>"; };
		1A0001021F1A0001 /* ContentView.swift */ = {isa = PBXFileReference; lastKnownFileType = sourcecode.swift; path = ContentView.swift; sourceTree = "<group>"; };
		1A0001041F1A0001 /* Assets.xcassets */ = {isa = PBXFileReference; lastKnownFileType = folder.assetcatalog; path = Assets.xcassets; sourceTree = "<group>"; };
		1A0001071F1A0001 /* Preview Assets.xcassets */ = {isa = PBXFileReference; lastKnownFileType = folder.assetcatalog; path = "Preview Assets.xcassets"; sourceTree = "<group>"; };
		1A0001081F1A0001 /* Config.xcconfig */ = {isa = PBXFileReference; lastKnownFileType = text.xcconfig; path = Config.xcconfig; sourceTree = SOURCE_ROOT; };
		1A0001091F1A0001 /* Config.plist */ = {isa = PBXFileReference; lastKnownFileType = text.plist.xml; path = Config.plist; sourceTree = "<group>"; };
		1A00010C1F1A0001 /* IronmanTrainer.xcdatamodeld */ = {isa = PBXFileReference; lastKnownFileType = wrapper.xcdatamodeld; path = IronmanTrainer.xcdatamodeld; sourceTree = "<group>"; };
		1A00014B1F1A0001 /* IronmanTrainerTests.xctest */ = {isa = PBXFileReference; explicitFileType = wrapper.cfbundle; includeInIndex = 0; path = IronmanTrainerTests.xctest; sourceTree = BUILT_PRODUCTS_DIR; };
		1A00014E1F1A0001 /* TrainingPlanManagerTests.swift */ = {isa = PBXFileReference; lastKnownFileType = sourcecode.swift; path = TrainingPlanManagerTests.swift; sourceTree = "<group>"; };
		1A00014F1F1A0001 /* WorkoutMatchingTests.swift */ = {isa = PBXFileReference; lastKnownFileType = sourcecode.swift; path = WorkoutMatchingTests.swift; sourceTree = "<group>"; };
		1A0001531F1A0001 /* WeatherForecastTests.swift */ = {isa = PBXFileReference; lastKnownFileType = sourcecode.swift; path = WeatherForecastTests.swift; sourceTree = "<group>"; };
		1A0001651F1A0002 /* ChatSwapTests.swift */ = {isa = PBXFileReference; lastKnownFileType = sourcecode.swift; path = ChatSwapTests.swift; sourceTree = "<group>"; };
		1AA000020A0A0001 /* IronmanTrainerWidget.swift */ = {isa = PBXFileReference; lastKnownFileType = sourcecode.swift; path = IronmanTrainerWidget.swift; sourceTree = "<group>"; };
		1AA000040A0A0001 /* WidgetKit.framework */ = {isa = PBXFileReference; lastKnownFileType = wrapper.framework; name = WidgetKit.framework; path = System/Library/Frameworks/WidgetKit.framework; sourceTree = SDKROOT; };
		1AA000060A0A0001 /* SwiftUI.framework */ = {isa = PBXFileReference; lastKnownFileType = wrapper.framework; name = SwiftUI.framework; path = System/Library/Frameworks/SwiftUI.framework; sourceTree = SDKROOT; };
		1AA000080A0A0001 /* IronmanTrainerWidgetExtension.appex */ = {isa = PBXFileReference; explicitFileType = "wrapper.app-extension"; includeInIndex = 0; path = IronmanTrainerWidgetExtension.appex; sourceTree = BUILT_PRODUCTS_DIR; };
/* End PBXFileReference section */

/* Begin PBXFrameworksBuildPhase section */
		1A0000071F1A0001 /* Frameworks */ = {
			isa = PBXFrameworksBuildPhase;
			buildActionMask = 2147483647;
			files = (
			);
			runOnlyForDeploymentPostprocessing = 0;
		};
		1A00014C1F1A0001 /* Frameworks */ = {
			isa = PBXFrameworksBuildPhase;
			buildActionMask = 2147483647;
			files = (
			);
			runOnlyForDeploymentPostprocessing = 0;
		};
		1AA000090A0A0001 /* Frameworks */ = {
			isa = PBXFrameworksBuildPhase;
			buildActionMask = 2147483647;
			files = (
				1AA000030A0A0001 /* WidgetKit.framework in Frameworks */,
				1AA000050A0A0001 /* SwiftUI.framework in Frameworks */,
			);
			runOnlyForDeploymentPostprocessing = 0;
		};
/* End PBXFrameworksBuildPhase section */

/* Begin PBXGroup section */
		1A0000011F1A0001 = {
			isa = PBXGroup;
			children = (
				1A0000EC1F1A0001 /* IronmanTrainer */,
				1A00014A1F1A0001 /* IronmanTrainerTests */,
				1AA0000A0A0A0001 /* IronmanTrainerWidget */,
				1AA0000B0A0A0001 /* Frameworks */,
				1A00000B1F1A0001 /* Products */,
			);
			sourceTree = "<group>";
		};
		1A00000B1F1A0001 /* Products */ = {
			isa = PBXGroup;
			children = (
				1A00000A1F1A0001 /* IronmanTrainer.app */,
				1A00014B1F1A0001 /* IronmanTrainerTests.xctest */,
				1AA000080A0A0001 /* IronmanTrainerWidgetExtension.appex */,
			);
			name = Products;
			sourceTree = "<group>";
		};
		1AA0000A0A0A0001 /* IronmanTrainerWidget */ = {
			isa = PBXGroup;
			children = (
				1AA000020A0A0001 /* IronmanTrainerWidget.swift */,
			);
			path = IronmanTrainerWidget;
			sourceTree = "<group>";
		};
		1AA0000B0A0A0001 /* Frameworks */ = {
			isa = PBXGroup;
			children = (
				1AA000040A0A0001 /* WidgetKit.framework */,
				1AA000060A0A0001 /* SwiftUI.framework */,
			);
			name = Frameworks;
			sourceTree = "<group>";
		};
		1A0000EC1F1A0001 /* IronmanTrainer */ = {
			isa = PBXGroup;
			children = (
				1A0000FF1F1A0001 /* IronmanTrainerApp.swift */,
				1A0001021F1A0001 /* ContentView.swift */,
				1A0001041F1A0001 /* Assets.xcassets */,
				1A0001061F1A0001 /* Preview Content */,
				1A0001091F1A0001 /* Config.plist */,
				1A00010C1F1A0001 /* IronmanTrainer.xcdatamodeld */,
			);
			path = IronmanTrainer;
			sourceTree = "<group>";
		};
		1A0001061F1A0001 /* Preview Content */ = {
			isa = PBXGroup;
			children = (
				1A0001071F1A0001 /* Preview Assets.xcassets */,
			);
			path = "Preview Content";
			sourceTree = "<group>";
		};
		1A00014A1F1A0001 /* IronmanTrainerTests */ = {
			isa = PBXGroup;
			children = (
				1A00014E1F1A0001 /* TrainingPlanManagerTests.swift */,
				1A00014F1F1A0001 /* WorkoutMatchingTests.swift */,
				1A0001531F1A0001 /* WeatherForecastTests.swift */,
				1A0001651F1A0002 /* ChatSwapTests.swift */,
			);
			path = IronmanTrainerTests;
			sourceTree = "<group>";
		};
/* End PBXGroup section */

/* Begin PBXNativeTarget section */
		1A0000091F1A0001 /* IronmanTrainer */ = {
			isa = PBXNativeTarget;
			buildConfigurationList = 1A0001401F1A0001 /* Build configuration list for PBXNativeTarget "IronmanTrainer" */;
			buildPhases = (
				1A0000061F1A0001 /* Sources */,
				1A0000071F1A0001 /* Frameworks */,
				1A0000081F1A0001 /* Resources */,
				1AA000100A0A0001 /* Embed Foundation Extensions */,
			);
			buildRules = (
			);
			dependencies = (
				1AA000110A0A0001 /* PBXTargetDependency */,
			);
			name = IronmanTrainer;
			productName = IronmanTrainer;
			productReference = 1A00000A1F1A0001 /* IronmanTrainer.app */;
			productType = "com.apple.product-type.application";
		};
		1A00014D1F1A0001 /* IronmanTrainerTests */ = {
			isa = PBXNativeTarget;
			buildConfigurationList = 1A0001541F1A0001 /* Build configuration list for PBXNativeTarget "IronmanTrainerTests" */;
			buildPhases = (
				1A0001551F1A0001 /* Sources */,
				1A00014C1F1A0001 /* Frameworks */,
			);
			buildRules = (
			);
			dependencies = (
				1A0001581F1A0001 /* PBXTargetDependency */,
			);
			name = IronmanTrainerTests;
			productName = IronmanTrainerTests;
			productReference = 1A00014B1F1A0001 /* IronmanTrainerTests.xctest */;
			productType = "com.apple.product-type.bundle.unit-test";
		};
		1AA0000C0A0A0001 /* IronmanTrainerWidgetExtension */ = {
			isa = PBXNativeTarget;
			buildConfigurationList = 1AA0000D0A0A0001 /* Build configuration list for PBXNativeTarget "IronmanTrainerWidgetExtension" */;
			buildPhases = (
				1AA0000E0A0A0001 /* Sources */,
				1AA000090A0A0001 /* Frameworks */,
				1AA0000F0A0A0001 /* Resources */,
			);
			buildRules = (
			);
			dependencies = (
			);
			name = IronmanTrainerWidgetExtension;
			productName = IronmanTrainerWidgetExtension;
			productReference = 1AA000080A0A0001 /* IronmanTrainerWidgetExtension.appex */;
			productType = "com.apple.product-type.app-extension";
		};
/* End PBXNativeTarget section */

/* Begin PBXProject section */
		1A0000021F1A0001 /* Project object */ = {
			isa = PBXProject;
			attributes = {
				BuildIndependentTargetsInParallel = 1;
				LastSwiftUpdateCheck = 1500;
				LastUpgradeCheck = 1500;
				TargetAttributes = {
					1A0000091F1A0001 = {
						CreatedOnToolsVersion = 15.0;
					};
					1AA0000C0A0A0001 = {
						CreatedOnToolsVersion = 15.0;
					};
				};
			};
			buildConfigurationList = 1A0000041F1A0001 /* Build configuration list for PBXProject "IronmanTrainer" */;
			compatibilityVersion = "Xcode 14.0";
			developmentRegion = en;
			hasScannedForEncodings = 0;
			knownRegions = (
				en,
				Base,
			);
			mainGroup = 1A0000011F1A0001;
			productRefGroup = 1A00000B1F1A0001 /* Products */;
			projectDirPath = "";
			projectRoot = "";
			targets = (
				1A0000091F1A0001 /* IronmanTrainer */,
				1A00014D1F1A0001 /* IronmanTrainerTests */,
				1AA0000C0A0A0001 /* IronmanTrainerWidgetExtension */,
			);
		};
/* End PBXProject section */

/* Begin PBXTargetDependency section */
		1A0001581F1A0001 /* PBXTargetDependency */ = {
			isa = PBXTargetDependency;
			target = 1A0000091F1A0001 /* IronmanTrainer */;
			targetProxy = 1A0001591F1A0001 /* PBXContainerItemProxy */;
		};
		1AA000110A0A0001 /* PBXTargetDependency */ = {
			isa = PBXTargetDependency;
			target = 1AA0000C0A0A0001 /* IronmanTrainerWidgetExtension */;
			targetProxy = 1AA000120A0A0001 /* PBXContainerItemProxy */;
		};
/* End PBXTargetDependency section */

/* Begin PBXContainerItemProxy section */
		1A0001591F1A0001 /* PBXContainerItemProxy */ = {
			isa = PBXContainerItemProxy;
			containerPortal = 1A0000021F1A0001 /* Project object */;
			proxyType = 1;
			remoteGlobalIDString = 1A0000091F1A0001;
			remoteInfo = IronmanTrainer;
		};
		1AA000120A0A0001 /* PBXContainerItemProxy */ = {
			isa = PBXContainerItemProxy;
			containerPortal = 1A0000021F1A0001 /* Project object */;
			proxyType = 1;
			remoteGlobalIDString = 1AA0000C0A0A0001;
			remoteInfo = IronmanTrainerWidgetExtension;
		};
/* End PBXContainerItemProxy section */

/* Begin PBXResourcesBuildPhase section */
		1A0000081F1A0001 /* Resources */ = {
			isa = PBXResourcesBuildPhase;
			buildActionMask = 2147483647;
			files = (
				1A0001051F1A0001 /* Assets.xcassets in Resources */,
				1A00010A1F1A0001 /* Config.plist in Resources */,
				1A00010B1F1A0001 /* IronmanTrainer.xcdatamodeld in Resources */,
			);
			runOnlyForDeploymentPostprocessing = 0;
		};
		1AA0000F0A0A0001 /* Resources */ = {
			isa = PBXResourcesBuildPhase;
			buildActionMask = 2147483647;
			files = (
			);
			runOnlyForDeploymentPostprocessing = 0;
		};
/* End PBXResourcesBuildPhase section */

/* Begin PBXCopyFilesBuildPhase section */
		1AA000100A0A0001 /* Embed Foundation Extensions */ = {
			isa = PBXCopyFilesBuildPhase;
			buildActionMask = 2147483647;
			dstPath = "";
			dstSubfolderSpec = 13;
			files = (
				1AA000070A0A0001 /* IronmanTrainerWidgetExtension.appex in Embed Foundation Extensions */,
			);
			name = "Embed Foundation Extensions";
			runOnlyForDeploymentPostprocessing = 0;
		};
/* End PBXCopyFilesBuildPhase section */

/* Begin PBXSourcesBuildPhase section */
		1A0000061F1A0001 /* Sources */ = {
			isa = PBXSourcesBuildPhase;
			buildActionMask = 2147483647;
			files = (
				1A0001031F1A0001 /* ContentView.swift in Sources */,
				1A0001001F1A0001 /* IronmanTrainerApp.swift in Sources */,
			);
			runOnlyForDeploymentPostprocessing = 0;
		};
		1A0001551F1A0001 /* Sources */ = {
			isa = PBXSourcesBuildPhase;
			buildActionMask = 2147483647;
			files = (
				1A0001501F1A0001 /* TrainingPlanManagerTests.swift in Sources */,
				1A0001511F1A0001 /* WorkoutMatchingTests.swift in Sources */,
				1A0001521F1A0001 /* WeatherForecastTests.swift in Sources */,
				1A0001641F1A0002 /* ChatSwapTests.swift in Sources */,
			);
			runOnlyForDeploymentPostprocessing = 0;
		};
		1AA0000E0A0A0001 /* Sources */ = {
			isa = PBXSourcesBuildPhase;
			buildActionMask = 2147483647;
			files = (
				1AA000010A0A0001 /* IronmanTrainerWidget.swift in Sources */,
			);
			runOnlyForDeploymentPostprocessing = 0;
		};
/* End PBXSourcesBuildPhase section */

/* Begin XCBuildConfiguration section */
		1A0001341F1A0001 /* Debug */ = {
			isa = XCBuildConfiguration;
			baseConfigurationReference = 1A0001081F1A0001 /* Config.xcconfig */;
			buildSettings = {
				ASSETCATALOG_COMPILER_APPICON_NAME = AppIcon;
				ASSETCATALOG_COMPILER_GLOBAL_ACCENT_COLOR_NAME = AccentColor;
				CODE_SIGN_ENTITLEMENTS = IronmanTrainer/IronmanTrainer.entitlements;
				CODE_SIGN_IDENTITY = "Apple Development";
				CODE_SIGN_STYLE = Automatic;
				CURRENT_PROJECT_VERSION = 1;
				DEVELOPMENT_ASSET_PATHS = "\"IronmanTrainer/Preview Content\"";
				DEVELOPMENT_TEAM = F85CVKP4V9;
				ENABLE_PREVIEWS = YES;
				ENABLE_TESTABILITY = YES;
				SWIFT_OPTIMIZATION_LEVEL = "-Onone";
				GENERATE_INFOPLIST_FILE = YES;
				INFOPLIST_FILE = IronmanTrainer/Info.plist;
				INFOPLIST_KEY_UIApplicationSceneManifestSchema_UIApplicationSupportsMultipleScenes = YES;
				INFOPLIST_KEY_UIApplicationSupportsIndirectInputEvents = YES;
				INFOPLIST_KEY_UILaunchScreen_Generation = YES;
				INFOPLIST_KEY_UISupportedInterfaceOrientations_iPad = "UIInterfaceOrientationPortrait UIInterfaceOrientationPortraitUpsideDown UIInterfaceOrientationLandscapeLeft UIInterfaceOrientationLandscapeRight";
				INFOPLIST_KEY_UISupportedInterfaceOrientations_iPhone = "UIInterfaceOrientationPortrait UIInterfaceOrientationLandscapeLandscapeRight";
				INFOPLIST_KEY_NSHealthShareUsageDescription = "We need access to your workout data from Apple Health to track your training progress and sync with your Ironman 70.3 training plan.";
				INFOPLIST_KEY_NSHealthUpdateUsageDescription = "We need access to write workout data to Apple Health as part of your training tracking.";
				IPHONEOS_DEPLOYMENT_TARGET = 17.0;
				LD_RUNPATH_SEARCH_PATHS = (
					"$(inherited)",
					"@executable_path/Frameworks",
				);
				OTHER_LDFLAGS = "-framework HealthKit";
				MARKETING_VERSION = 1.0;
				PRODUCT_BUNDLE_IDENTIFIER = com.brent.ironmantrainer;
				PRODUCT_NAME = "$(TARGET_NAME)";
				PROVISIONING_PROFILE_SPECIFIER = "";
				SDKROOT = iphoneos;
				SWIFT_EMIT_LOC_STRINGS = YES;
				SWIFT_VERSION = 5.0;
				TARGETED_DEVICE_FAMILY = "1,2";
			};
			name = Debug;
		};
		1A0001351F1A0001 /* Release */ = {
			isa = XCBuildConfiguration;
			baseConfigurationReference = 1A0001081F1A0001 /* Config.xcconfig */;
			buildSettings = {
				ASSETCATALOG_COMPILER_APPICON_NAME = AppIcon;
				ASSETCATALOG_COMPILER_GLOBAL_ACCENT_COLOR_NAME = AccentColor;
				CODE_SIGN_ENTITLEMENTS = IronmanTrainer/IronmanTrainer.entitlements;
				CODE_SIGN_IDENTITY = "Apple Development";
				CODE_SIGN_STYLE = Automatic;
				CURRENT_PROJECT_VERSION = 1;
				DEVELOPMENT_ASSET_PATHS = "\"IronmanTrainer/Preview Content\"";
				DEVELOPMENT_TEAM = F85CVKP4V9;
				ENABLE_PREVIEWS = YES;
				GENERATE_INFOPLIST_FILE = YES;
				INFOPLIST_FILE = IronmanTrainer/Info.plist;
				INFOPLIST_KEY_UIApplicationSceneManifestSchema_UIApplicationSupportsMultipleScenes = YES;
				INFOPLIST_KEY_UIApplicationSupportsIndirectInputEvents = YES;
				INFOPLIST_KEY_UILaunchScreen_Generation = YES;
				INFOPLIST_KEY_UISupportedInterfaceOrientations_iPad = "UIInterfaceOrientationPortrait UIInterfaceOrientationPortraitUpsideDown UIInterfaceOrientationLandscapeLeft UIInterfaceOrientationLandscapeRight";
				INFOPLIST_KEY_UISupportedInterfaceOrientations_iPhone = "UIInterfaceOrientationPortrait UIInterfaceOrientationLandscapeLandscapeRight";
				INFOPLIST_KEY_NSHealthShareUsageDescription = "We need access to your workout data from Apple Health to track your training progress and sync with your Ironman 70.3 training plan.";
				INFOPLIST_KEY_NSHealthUpdateUsageDescription = "We need access to write workout data to Apple Health as part of your training tracking.";
				IPHONEOS_DEPLOYMENT_TARGET = 17.0;
				LD_RUNPATH_SEARCH_PATHS = (
					"$(inherited)",
					"@executable_path/Frameworks",
				);
				OTHER_LDFLAGS = "-framework HealthKit";
				MARKETING_VERSION = 1.0;
				PRODUCT_BUNDLE_IDENTIFIER = com.brent.ironmantrainer;
				PRODUCT_NAME = "$(TARGET_NAME)";
				PROVISIONING_PROFILE_SPECIFIER = "";
				SDKROOT = iphoneos;
				SWIFT_EMIT_LOC_STRINGS = NO;
				SWIFT_VERSION = 5.0;
				TARGETED_DEVICE_FAMILY = "1,2";
			};
			name = Release;
		};
		1A0001561F1A0001 /* Debug */ = {
			isa = XCBuildConfiguration;
			buildSettings = {
				BUNDLE_LOADER = "$(TEST_HOST)";
				CODE_SIGN_STYLE = Automatic;
				CURRENT_PROJECT_VERSION = 1;
				DEVELOPMENT_TEAM = F85CVKP4V9;
				GENERATE_INFOPLIST_FILE = YES;
				IPHONEOS_DEPLOYMENT_TARGET = 17.0;
				MARKETING_VERSION = 1.0;
				PRODUCT_BUNDLE_IDENTIFIER = com.brent.ironmantrainertests;
				PRODUCT_NAME = "$(TARGET_NAME)";
				SDKROOT = iphoneos;
				SWIFT_VERSION = 5.0;
				TARGETED_DEVICE_FAMILY = "1,2";
				TEST_HOST = "$(BUILT_PRODUCTS_DIR)/IronmanTrainer.app/$(BUNDLE_EXECUTABLE_FOLDER_PATH)/IronmanTrainer";
			};
			name = Debug;
		};
		1A0001571F1A0001 /* Release */ = {
			isa = XCBuildConfiguration;
			buildSettings = {
				BUNDLE_LOADER = "$(TEST_HOST)";
				CODE_SIGN_STYLE = Automatic;
				CURRENT_PROJECT_VERSION = 1;
				DEVELOPMENT_TEAM = F85CVKP4V9;
				GENERATE_INFOPLIST_FILE = YES;
				IPHONEOS_DEPLOYMENT_TARGET = 17.0;
				MARKETING_VERSION = 1.0;
				PRODUCT_BUNDLE_IDENTIFIER = com.brent.ironmantrainertests;
				PRODUCT_NAME = "$(TARGET_NAME)";
				SDKROOT = iphoneos;
				SWIFT_VERSION = 5.0;
				TARGETED_DEVICE_FAMILY = "1,2";
				TEST_HOST = "$(BUILT_PRODUCTS_DIR)/IronmanTrainer.app/$(BUNDLE_EXECUTABLE_FOLDER_PATH)/IronmanTrainer";
			};
			name = Release;
		};
		1AA000130A0A0001 /* Debug */ = {
			isa = XCBuildConfiguration;
			buildSettings = {
				CODE_SIGN_STYLE = Automatic;
				CURRENT_PROJECT_VERSION = 1;
				DEVELOPMENT_TEAM = F85CVKP4V9;
				GENERATE_INFOPLIST_FILE = YES;
				INFOPLIST_FILE = IronmanTrainerWidget/Info.plist;
				INFOPLIST_KEY_CFBundleDisplayName = IronmanTrainerWidget;
				INFOPLIST_KEY_NSHumanReadableCopyright = "";
				IPHONEOS_DEPLOYMENT_TARGET = 17.0;
				LD_RUNPATH_SEARCH_PATHS = (
					"$(inherited)",
					"@executable_path/Frameworks",
					"@executable_path/../../Frameworks",
				);
				MARKETING_VERSION = 1.0;
				PRODUCT_BUNDLE_IDENTIFIER = com.brent.ironmantrainer.widget;
				PRODUCT_NAME = "$(TARGET_NAME)";
				SDKROOT = iphoneos;
				SKIP_INSTALL = YES;
				SWIFT_EMIT_LOC_STRINGS = YES;
				SWIFT_VERSION = 5.0;
				TARGETED_DEVICE_FAMILY = "1,2";
			};
			name = Debug;
		};
		1AA000140A0A0001 /* Release */ = {
			isa = XCBuildConfiguration;
			buildSettings = {
				CODE_SIGN_STYLE = Automatic;
				CURRENT_PROJECT_VERSION = 1;
				DEVELOPMENT_TEAM = F85CVKP4V9;
				GENERATE_INFOPLIST_FILE = YES;
				INFOPLIST_FILE = IronmanTrainerWidget/Info.plist;
				INFOPLIST_KEY_CFBundleDisplayName = IronmanTrainerWidget;
				INFOPLIST_KEY_NSHumanReadableCopyright = "";
				IPHONEOS_DEPLOYMENT_TARGET = 17.0;
				LD_RUNPATH_SEARCH_PATHS = (
					"$(inherited)",
					"@executable_path/Frameworks",
					"@executable_path/../../Frameworks",
				);
				MARKETING_VERSION = 1.0;
				PRODUCT_BUNDLE_IDENTIFIER = com.brent.ironmantrainer.widget;
				PRODUCT_NAME = "$(TARGET_NAME)";
				SDKROOT = iphoneos;
				SKIP_INSTALL = YES;
				SWIFT_EMIT_LOC_STRINGS = YES;
				SWIFT_VERSION = 5.0;
				TARGETED_DEVICE_FAMILY = "1,2";
			};
			name = Release;
		};
/* End XCBuildConfiguration section */

/* Begin XCConfigurationList section */
		1A0000041F1A0001 /* Build configuration list for PBXProject "IronmanTrainer" */ = {
			isa = XCConfigurationList;
			buildConfigurations = (
				1A0001341F1A0001 /* Debug */,
				1A0001351F1A0001 /* Release */,
			);
			defaultConfigurationIsVisible = 0;
			defaultConfigurationName = Release;
		};
		1A0001401F1A0001 /* Build configuration list for PBXNativeTarget "IronmanTrainer" */ = {
			isa = XCConfigurationList;
			buildConfigurations = (
				1A0001341F1A0001 /* Debug */,
				1A0001351F1A0001 /* Release */,
			);
			defaultConfigurationIsVisible = 0;
			defaultConfigurationName = Release;
		};
		1A0001541F1A0001 /* Build configuration list for PBXNativeTarget "IronmanTrainerTests" */ = {
			isa = XCConfigurationList;
			buildConfigurations = (
				1A0001561F1A0001 /* Debug */,
				1A0001571F1A0001 /* Release */,
			);
			defaultConfigurationIsVisible = 0;
			defaultConfigurationName = Release;
		};
		1AA0000D0A0A0001 /* Build configuration list for PBXNativeTarget "IronmanTrainerWidgetExtension" */ = {
			isa = XCConfigurationList;
			buildConfigurations = (
				1AA000130A0A0001 /* Debug */,
				1AA000140A0A0001 /* Release */,
			);
			defaultConfigurationIsVisible = 0;
			defaultConfigurationName = Release;
		};
/* End XCConfigurationList section */
	};
	rootObject = 1A0000021F1A0001 /* Project object */;
}
