// !$*UTF8*$!
{
	archiveVersion = 1;
	classes = {
	};
	objectVersion = 56;
	objects = {

/* Begin PBXBuildFile section */
		038644CCB73FF11F044856C2 /* OnboardingViewModel.swift in Sources */ = {isa = PBXBuildFile; fileRef = 1B514A0F839F901530837044 /* OnboardingViewModel.swift */; };
		1104417793A7975B4B149B6E /* OnboardingView.swift in Sources */ = {isa = PBXBuildFile; fileRef = 93BC4A45AD574335045A9A44 /* OnboardingView.swift */; };
		1A0001001F1A0001 /* IronmanTrainerApp.swift in Sources */ = {isa = PBXBuildFile; fileRef = 1A0000FF1F1A0001 /* IronmanTrainerApp.swift */; };
		1A0001031F1A0001 /* ContentView.swift in Sources */ = {isa = PBXBuildFile; fileRef = 1A0001021F1A0001 /* ContentView.swift */; };
		1A0001051F1A0001 /* Assets.xcassets in Resources */ = {isa = PBXBuildFile; fileRef = 1A0001041F1A0001 /* Assets.xcassets */; };
		1A00010A1F1A0001 /* Config.plist in Resources */ = {isa = PBXBuildFile; fileRef = 1A0001091F1A0001 /* Config.plist */; };
		1A00010B1F1A0001 /* IronmanTrainer.xcdatamodeld in Resources */ = {isa = PBXBuildFile; fileRef = 1A00010C1F1A0001 /* IronmanTrainer.xcdatamodeld */; };
		1A0001501F1A0001 /* TrainingPlanManagerTests.swift in Sources */ = {isa = PBXBuildFile; fileRef = 1A00014E1F1A0001 /* TrainingPlanManagerTests.swift */; };
		1A0001511F1A0001 /* WorkoutMatchingTests.swift in Sources */ = {isa = PBXBuildFile; fileRef = 1A00014F1F1A0001 /* WorkoutMatchingTests.swift */; };
		1A0001521F1A0001 /* WeatherForecastTests.swift in Sources */ = {isa = PBXBuildFile; fileRef = 1A0001531F1A0001 /* WeatherForecastTests.swift */; };
		1A0001641F1A0002 /* ChatSwapTests.swift in Sources */ = {isa = PBXBuildFile; fileRef = 1A0001651F1A0002 /* ChatSwapTests.swift */; };
		1AA000010A0A0001 /* IronmanTrainerWidget.swift in Sources */ = {isa = PBXBuildFile; fileRef = 1AA000020A0A0001 /* IronmanTrainerWidget.swift */; };
		1AA000030A0A0001 /* WidgetKit.framework in Frameworks */ = {isa = PBXBuildFile; fileRef = 1AA000040A0A0001 /* WidgetKit.framework */; };
		1AA000050A0A0001 /* SwiftUI.framework in Frameworks */ = {isa = PBXBuildFile; fileRef = 1AA000060A0A0001 /* SwiftUI.framework */; };
		1AA000070A0A0001 /* IronmanTrainerWidgetExtension.appex in Embed Foundation Extensions */ = {isa = PBXBuildFile; fileRef = 1AA000080A0A0001 /* IronmanTrainerWidgetExtension.appex */; settings = {ATTRIBUTES = (RemoveHeadersOnCopy, ); }; };
		26944AB5AD8038D18D2A1D3A /* FirestoreService.swift in Sources */ = {isa = PBXBuildFile; fileRef = 9C4E4D6BB6A1CE58FDDCA692 /* FirestoreService.swift */; };
		625049B48489E93AE90639D7 /* UserProfile.swift in Sources */ = {isa = PBXBuildFile; fileRef = 108346CB94A363F99B289838 /* UserProfile.swift */; };
		7C574DFDBE916CD93B0D2DFC /* GoogleService-Info.plist in Resources */ = {isa = PBXBuildFile; fileRef = 64F2428F89A590D906E6358F /* GoogleService-Info.plist */; };
		844AF6CA2F7E1B4F004C5060 /* CIScriptTests.swift in Sources */ = {isa = PBXBuildFile; fileRef = 844AF6C92F7E1B4F004C5060 /* CIScriptTests.swift */; };
		84A561E42F7D612500BA3761 /* WorkoutComplianceService.swift in Sources */ = {isa = PBXBuildFile; fileRef = 84A561E32F7D612500BA3761 /* WorkoutComplianceService.swift */; };
		84A561E62F7D614300BA3761 /* ComplianceTests.swift in Sources */ = {isa = PBXBuildFile; fileRef = 84A561E52F7D614300BA3761 /* ComplianceTests.swift */; };
		84D0F0C42F7C343F007D9BC7 /* AppConstants.swift in Sources */ = {isa = PBXBuildFile; fileRef = 84D0F0C32F7C343F007D9BC7 /* AppConstants.swift */; };
		84D0F0C62F7C343F007D9BC7 /* TrainingPlanManager.swift in Sources */ = {isa = PBXBuildFile; fileRef = 84D0F0C52F7C343F007D9BC7 /* TrainingPlanManager.swift */; };
		84D0F0C82F7C3441007D9BC7 /* HealthKitManager.swift in Sources */ = {isa = PBXBuildFile; fileRef = 84D0F0C72F7C3441007D9BC7 /* HealthKitManager.swift */; };
		84D0F0CA2F7C3441007D9BC7 /* LangSmithTracer.swift in Sources */ = {isa = PBXBuildFile; fileRef = 84D0F0C92F7C3441007D9BC7 /* LangSmithTracer.swift */; };
		84D0F0CC2F7C3450007D9BC7 /* WorkoutMatchingHelpers.swift in Sources */ = {isa = PBXBuildFile; fileRef = 84D0F0CB2F7C3450007D9BC7 /* WorkoutMatchingHelpers.swift */; };
		84D0F0CE2F7C354C007D9BC7 /* ClaudeService.swift in Sources */ = {isa = PBXBuildFile; fileRef = 84D0F0CD2F7C354C007D9BC7 /* ClaudeService.swift */; };
		84D0F0D02F7C3592007D9BC7 /* ChatViewModel.swift in Sources */ = {isa = PBXBuildFile; fileRef = 84D0F0CF2F7C3592007D9BC7 /* ChatViewModel.swift */; };
		84D0F0D22F7C35A8007D9BC7 /* SharedComponents.swift in Sources */ = {isa = PBXBuildFile; fileRef = 84D0F0D12F7C35A8007D9BC7 /* SharedComponents.swift */; };
		84D0F0D42F7C3624007D9BC7 /* HomeView.swift in Sources */ = {isa = PBXBuildFile; fileRef = 84D0F0D32F7C3624007D9BC7 /* HomeView.swift */; };
		84D0F0D62F7C365F007D9BC7 /* AnalyticsView.swift in Sources */ = {isa = PBXBuildFile; fileRef = 84D0F0D52F7C365F007D9BC7 /* AnalyticsView.swift */; };
		84D0F0D82F7C3672007D9BC7 /* ChatView.swift in Sources */ = {isa = PBXBuildFile; fileRef = 84D0F0D72F7C3672007D9BC7 /* ChatView.swift */; };
		84D0F0DA2F7C367C007D9BC7 /* PlanView.swift in Sources */ = {isa = PBXBuildFile; fileRef = 84D0F0D92F7C367C007D9BC7 /* PlanView.swift */; };
		84D0F0DC2F7C3697007D9BC7 /* SettingsView.swift in Sources */ = {isa = PBXBuildFile; fileRef = 84D0F0DB2F7C3697007D9BC7 /* SettingsView.swift */; };
		9F2B4F4C9A203C9E873B0A4C /* OnboardingChatHelper.swift in Sources */ = {isa = PBXBuildFile; fileRef = 77DE4293A649295071303BA8 /* OnboardingChatHelper.swift */; };
		C57D40CDB802E02BE6CC84BB /* AuthService.swift in Sources */ = {isa = PBXBuildFile; fileRef = 6EEB4860AEA33842F967FEB4 /* AuthService.swift */; };
		F0FF4699BFFD3906A99E46BF /* SignInView.swift in Sources */ = {isa = PBXBuildFile; fileRef = D29D426AAD0F04F2CAAE16BF /* SignInView.swift */; };
		F1D84CD399E2031469782E91 /* HealthKitOnboardingData.swift in Sources */ = {isa = PBXBuildFile; fileRef = 012B43DD81DAFFDC8DE08DFD /* HealthKitOnboardingData.swift */; };
		FB000004000000001 /* FirebaseAuth in Frameworks */ = {isa = PBXBuildFile; productRef = FB000002000000001 /* FirebaseAuth */; };
		FB000005000000001 /* FirebaseFirestore in Frameworks */ = {isa = PBXBuildFile; productRef = FB000003000000001 /* FirebaseFirestore */; };
		FB000006000000001 /* OnboardingTests.swift in Sources */ = {isa = PBXBuildFile; fileRef = FB000007000000001 /* OnboardingTests.swift */; };
		FB000008000000001 /* FirebaseFunctions in Frameworks */ = {isa = PBXBuildFile; productRef = FB000009000000001 /* FirebaseFunctions */; };
/* End PBXBuildFile section */

/* Begin PBXContainerItemProxy section */
		1A0001591F1A0001 /* PBXContainerItemProxy */ = {
			isa = PBXContainerItemProxy;
			containerPortal = 1A0000021F1A0001 /* Project object */;
			proxyType = 1;
			remoteGlobalIDString = 1A0000091F1A0001;
			remoteInfo = IronmanTrainer;
		};
		1AA000120A0A0001 /* PBXContainerItemProxy */ = {
			isa = PBXContainerItemProxy;
			containerPortal = 1A0000021F1A0001 /* Project object */;
			proxyType = 1;
			remoteGlobalIDString = 1AA0000C0A0A0001;
			remoteInfo = IronmanTrainerWidgetExtension;
		};
/* End PBXContainerItemProxy section */

/* Begin PBXCopyFilesBuildPhase section */
		1AA000100A0A0001 /* Embed Foundation Extensions */ = {
			isa = PBXCopyFilesBuildPhase;
			buildActionMask = 2147483647;
			dstPath = "";
			dstSubfolderSpec = 13;
			files = (
				1AA000070A0A0001 /* IronmanTrainerWidgetExtension.appex in Embed Foundation Extensions */,
			);
			name = "Embed Foundation Extensions";
			runOnlyForDeploymentPostprocessing = 0;
		};
/* End PBXCopyFilesBuildPhase section */

/* Begin PBXFileReference section */
		012B43DD81DAFFDC8DE08DFD /* HealthKitOnboardingData.swift */ = {isa = PBXFileReference; lastKnownFileType = sourcecode.swift; name = HealthKitOnboardingData.swift; path = IronmanTrainer/HealthKitOnboardingData.swift; sourceTree = SOURCE_ROOT; };
		108346CB94A363F99B289838 /* UserProfile.swift */ = {isa = PBXFileReference; lastKnownFileType = sourcecode.swift; name = UserProfile.swift; path = IronmanTrainer/UserProfile.swift; sourceTree = SOURCE_ROOT; };
		1A00000A1F1A0001 /* IronmanTrainer.app */ = {isa = PBXFileReference; explicitFileType = wrapper.application; includeInIndex = 0; path = IronmanTrainer.app; sourceTree = BUILT_PRODUCTS_DIR; };
		1A0000FF1F1A0001 /* IronmanTrainerApp.swift */ = {isa = PBXFileReference; lastKnownFileType = sourcecode.swift; path = IronmanTrainerApp.swift; sourceTree = "<group>"; };
		1A0001021F1A0001 /* ContentView.swift */ = {isa = PBXFileReference; lastKnownFileType = sourcecode.swift; path = ContentView.swift; sourceTree = "<group>"; };
		1A0001041F1A0001 /* Assets.xcassets */ = {isa = PBXFileReference; lastKnownFileType = folder.assetcatalog; path = Assets.xcassets; sourceTree = "<group>"; };
		1A0001071F1A0001 /* Preview Assets.xcassets */ = {isa = PBXFileReference; lastKnownFileType = folder.assetcatalog; path = "Preview Assets.xcassets"; sourceTree = "<group>"; };
		1A0001081F1A0001 /* Config.xcconfig */ = {isa = PBXFileReference; lastKnownFileType = text.xcconfig; path = Config.xcconfig; sourceTree = SOURCE_ROOT; };
		1A0001091F1A0001 /* Config.plist */ = {isa = PBXFileReference; lastKnownFileType = text.plist.xml; path = Config.plist; sourceTree = "<group>"; };
		1A00010C1F1A0001 /* IronmanTrainer.xcdatamodeld */ = {isa = PBXFileReference; lastKnownFileType = wrapper.xcdatamodeld; path = IronmanTrainer.xcdatamodeld; sourceTree = "<group>"; };
		1A00014B1F1A0001 /* IronmanTrainerTests.xctest */ = {isa = PBXFileReference; explicitFileType = wrapper.cfbundle; includeInIndex = 0; path = IronmanTrainerTests.xctest; sourceTree = BUILT_PRODUCTS_DIR; };
		1A00014E1F1A0001 /* TrainingPlanManagerTests.swift */ = {isa = PBXFileReference; lastKnownFileType = sourcecode.swift; path = TrainingPlanManagerTests.swift; sourceTree = "<group>"; };
		1A00014F1F1A0001 /* WorkoutMatchingTests.swift */ = {isa = PBXFileReference; lastKnownFileType = sourcecode.swift; path = WorkoutMatchingTests.swift; sourceTree = "<group>"; };
		1A0001531F1A0001 /* WeatherForecastTests.swift */ = {isa = PBXFileReference; lastKnownFileType = sourcecode.swift; path = WeatherForecastTests.swift; sourceTree = "<group>"; };
		1A0001651F1A0002 /* ChatSwapTests.swift */ = {isa = PBXFileReference; lastKnownFileType = sourcecode.swift; path = ChatSwapTests.swift; sourceTree = "<group>"; };
		1AA000020A0A0001 /* IronmanTrainerWidget.swift */ = {isa = PBXFileReference; lastKnownFileType = sourcecode.swift; path = IronmanTrainerWidget.swift; sourceTree = "<group>"; };
		1AA000040A0A0001 /* WidgetKit.framework */ = {isa = PBXFileReference; lastKnownFileType = wrapper.framework; name = WidgetKit.framework; path = System/Library/Frameworks/WidgetKit.framework; sourceTree = SDKROOT; };
		1AA000060A0A0001 /* SwiftUI.framework */ = {isa = PBXFileReference; lastKnownFileType = wrapper.framework; name = SwiftUI.framework; path = System/Library/Frameworks/SwiftUI.framework; sourceTree = SDKROOT; };
		1AA000080A0A0001 /* IronmanTrainerWidgetExtension.appex */ = {isa = PBXFileReference; explicitFileType = "wrapper.app-extension"; includeInIndex = 0; path = IronmanTrainerWidgetExtension.appex; sourceTree = BUILT_PRODUCTS_DIR; };
		1AA000150A0A0001 /* IronmanTrainerWidget.entitlements */ = {isa = PBXFileReference; lastKnownFileType = text.plist.entitlements; path = IronmanTrainerWidget.entitlements; sourceTree = "<group>"; };
		1B514A0F839F901530837044 /* OnboardingViewModel.swift */ = {isa = PBXFileReference; lastKnownFileType = sourcecode.swift; name = OnboardingViewModel.swift; path = IronmanTrainer/OnboardingViewModel.swift; sourceTree = SOURCE_ROOT; };
		64F2428F89A590D906E6358F /* GoogleService-Info.plist */ = {isa = PBXFileReference; lastKnownFileType = text.plist.xml; name = "GoogleService-Info.plist"; path = "IronmanTrainer/GoogleService-Info.plist"; sourceTree = SOURCE_ROOT; };
		6EEB4860AEA33842F967FEB4 /* AuthService.swift */ = {isa = PBXFileReference; lastKnownFileType = sourcecode.swift; name = AuthService.swift; path = IronmanTrainer/AuthService.swift; sourceTree = SOURCE_ROOT; };
		77DE4293A649295071303BA8 /* OnboardingChatHelper.swift */ = {isa = PBXFileReference; lastKnownFileType = sourcecode.swift; name = OnboardingChatHelper.swift; path = IronmanTrainer/OnboardingChatHelper.swift; sourceTree = SOURCE_ROOT; };
		844AF6C92F7E1B4F004C5060 /* CIScriptTests.swift */ = {isa = PBXFileReference; lastKnownFileType = sourcecode.swift; path = CIScriptTests.swift; sourceTree = "<group>"; };
		84A561E32F7D612500BA3761 /* WorkoutComplianceService.swift */ = {isa = PBXFileReference; lastKnownFileType = sourcecode.swift; path = WorkoutComplianceService.swift; sourceTree = "<group>"; };
		84A561E52F7D614300BA3761 /* ComplianceTests.swift */ = {isa = PBXFileReference; lastKnownFileType = sourcecode.swift; path = ComplianceTests.swift; sourceTree = "<group>"; };
		84D0F0C32F7C343F007D9BC7 /* AppConstants.swift */ = {isa = PBXFileReference; lastKnownFileType = sourcecode.swift; path = AppConstants.swift; sourceTree = "<group>"; };
		84D0F0C52F7C343F007D9BC7 /* TrainingPlanManager.swift */ = {isa = PBXFileReference; lastKnownFileType = sourcecode.swift; path = TrainingPlanManager.swift; sourceTree = "<group>"; };
		84D0F0C72F7C3441007D9BC7 /* HealthKitManager.swift */ = {isa = PBXFileReference; lastKnownFileType = sourcecode.swift; path = HealthKitManager.swift; sourceTree = "<group>"; };
		84D0F0C92F7C3441007D9BC7 /* LangSmithTracer.swift */ = {isa = PBXFileReference; lastKnownFileType = sourcecode.swift; path = LangSmithTracer.swift; sourceTree = "<group>"; };
		84D0F0CB2F7C3450007D9BC7 /* WorkoutMatchingHelpers.swift */ = {isa = PBXFileReference; lastKnownFileType = sourcecode.swift; path = WorkoutMatchingHelpers.swift; sourceTree = "<group>"; };
		84D0F0CD2F7C354C007D9BC7 /* ClaudeService.swift */ = {isa = PBXFileReference; lastKnownFileType = sourcecode.swift; path = ClaudeService.swift; sourceTree = "<group>"; };
		84D0F0CF2F7C3592007D9BC7 /* ChatViewModel.swift */ = {isa = PBXFileReference; lastKnownFileType = sourcecode.swift; path = ChatViewModel.swift; sourceTree = "<group>"; };
		84D0F0D12F7C35A8007D9BC7 /* SharedComponents.swift */ = {isa = PBXFileReference; lastKnownFileType = sourcecode.swift; path = SharedComponents.swift; sourceTree = "<group>"; };
		84D0F0D32F7C3624007D9BC7 /* HomeView.swift */ = {isa = PBXFileReference; lastKnownFileType = sourcecode.swift; path = HomeView.swift; sourceTree = "<group>"; };
		84D0F0D52F7C365F007D9BC7 /* AnalyticsView.swift */ = {isa = PBXFileReference; lastKnownFileType = sourcecode.swift; path = AnalyticsView.swift; sourceTree = "<group>"; };
		84D0F0D72F7C3672007D9BC7 /* ChatView.swift */ = {isa = PBXFileReference; lastKnownFileType = sourcecode.swift; path = ChatView.swift; sourceTree = "<group>"; };
		84D0F0D92F7C367C007D9BC7 /* PlanView.swift */ = {isa = PBXFileReference; lastKnownFileType = sourcecode.swift; path = PlanView.swift; sourceTree = "<group>"; };
		84D0F0DB2F7C3697007D9BC7 /* SettingsView.swift */ = {isa = PBXFileReference; lastKnownFileType = sourcecode.swift; path = SettingsView.swift; sourceTree = "<group>"; };
		93BC4A45AD574335045A9A44 /* OnboardingView.swift */ = {isa = PBXFileReference; lastKnownFileType = sourcecode.swift; name = OnboardingView.swift; path = IronmanTrainer/OnboardingView.swift; sourceTree = SOURCE_ROOT; };
		9C4E4D6BB6A1CE58FDDCA692 /* FirestoreService.swift */ = {isa = PBXFileReference; lastKnownFileType = sourcecode.swift; name = FirestoreService.swift; path = IronmanTrainer/FirestoreService.swift; sourceTree = SOURCE_ROOT; };
		D29D426AAD0F04F2CAAE16BF /* SignInView.swift */ = {isa = PBXFileReference; lastKnownFileType = sourcecode.swift; name = SignInView.swift; path = IronmanTrainer/SignInView.swift; sourceTree = SOURCE_ROOT; };
		FB000007000000001 /* OnboardingTests.swift */ = {isa = PBXFileReference; lastKnownFileType = sourcecode.swift; path = OnboardingTests.swift; sourceTree = "<group>"; };
/* End PBXFileReference section */

/* Begin PBXFrameworksBuildPhase section */
		1A0000071F1A0001 /* Frameworks */ = {
			isa = PBXFrameworksBuildPhase;
			buildActionMask = 2147483647;
			files = (
				FB000004000000001 /* FirebaseAuth in Frameworks */,
				FB000005000000001 /* FirebaseFirestore in Frameworks */,
				FB000008000000001 /* FirebaseFunctions in Frameworks */,
			);
			runOnlyForDeploymentPostprocessing = 0;
		};
		1A00014C1F1A0001 /* Frameworks */ = {
			isa = PBXFrameworksBuildPhase;
			buildActionMask = 2147483647;
			files = (
			);
			runOnlyForDeploymentPostprocessing = 0;
		};
		1AA000090A0A0001 /* Frameworks */ = {
			isa = PBXFrameworksBuildPhase;
			buildActionMask = 2147483647;
			files = (
				1AA000030A0A0001 /* WidgetKit.framework in Frameworks */,
				1AA000050A0A0001 /* SwiftUI.framework in Frameworks */,
			);
			runOnlyForDeploymentPostprocessing = 0;
		};
/* End PBXFrameworksBuildPhase section */

/* Begin PBXGroup section */
		1A0000011F1A0001 = {
			isa = PBXGroup;
			children = (
				1A0000EC1F1A0001 /* IronmanTrainer */,
				1A00014A1F1A0001 /* IronmanTrainerTests */,
				1AA0000A0A0A0001 /* IronmanTrainerWidget */,
				1AA0000B0A0A0001 /* Frameworks */,
				1A00000B1F1A0001 /* Products */,
				84D0F0C22F7C30F7007D9BC7 /* Recovered References */,
				6EEB4860AEA33842F967FEB4 /* AuthService.swift */,
				D29D426AAD0F04F2CAAE16BF /* SignInView.swift */,
				108346CB94A363F99B289838 /* UserProfile.swift */,
				9C4E4D6BB6A1CE58FDDCA692 /* FirestoreService.swift */,
				012B43DD81DAFFDC8DE08DFD /* HealthKitOnboardingData.swift */,
				93BC4A45AD574335045A9A44 /* OnboardingView.swift */,
				1B514A0F839F901530837044 /* OnboardingViewModel.swift */,
				77DE4293A649295071303BA8 /* OnboardingChatHelper.swift */,
				64F2428F89A590D906E6358F /* GoogleService-Info.plist */,
			);
			sourceTree = "<group>";
		};
		1A00000B1F1A0001 /* Products */ = {
			isa = PBXGroup;
			children = (
				1A00000A1F1A0001 /* IronmanTrainer.app */,
				1A00014B1F1A0001 /* IronmanTrainerTests.xctest */,
				1AA000080A0A0001 /* IronmanTrainerWidgetExtension.appex */,
			);
			name = Products;
			sourceTree = "<group>";
		};
		1A0000EC1F1A0001 /* IronmanTrainer */ = {
			isa = PBXGroup;
			children = (
				1A0000FF1F1A0001 /* IronmanTrainerApp.swift */,
				1A0001021F1A0001 /* ContentView.swift */,
				1A0001041F1A0001 /* Assets.xcassets */,
				1A0001061F1A0001 /* Preview Content */,
				1A0001091F1A0001 /* Config.plist */,
				1A00010C1F1A0001 /* IronmanTrainer.xcdatamodeld */,
				84D0F0C32F7C343F007D9BC7 /* AppConstants.swift */,
				84D0F0C52F7C343F007D9BC7 /* TrainingPlanManager.swift */,
				84D0F0C72F7C3441007D9BC7 /* HealthKitManager.swift */,
				84D0F0C92F7C3441007D9BC7 /* LangSmithTracer.swift */,
				84D0F0CB2F7C3450007D9BC7 /* WorkoutMatchingHelpers.swift */,
				84D0F0CD2F7C354C007D9BC7 /* ClaudeService.swift */,
				84D0F0CF2F7C3592007D9BC7 /* ChatViewModel.swift */,
				84D0F0D12F7C35A8007D9BC7 /* SharedComponents.swift */,
				84D0F0D32F7C3624007D9BC7 /* HomeView.swift */,
				84D0F0D52F7C365F007D9BC7 /* AnalyticsView.swift */,
				84D0F0D72F7C3672007D9BC7 /* ChatView.swift */,
				84D0F0D92F7C367C007D9BC7 /* PlanView.swift */,
				84D0F0DB2F7C3697007D9BC7 /* SettingsView.swift */,
				84A561E32F7D612500BA3761 /* WorkoutComplianceService.swift */,
			);
			path = IronmanTrainer;
			sourceTree = "<group>";
		};
		1A0001061F1A0001 /* Preview Content */ = {
			isa = PBXGroup;
			children = (
				1A0001071F1A0001 /* Preview Assets.xcassets */,
			);
			path = "Preview Content";
			sourceTree = "<group>";
		};
		1A00014A1F1A0001 /* IronmanTrainerTests */ = {
			isa = PBXGroup;
			children = (
				1A00014E1F1A0001 /* TrainingPlanManagerTests.swift */,
				1A00014F1F1A0001 /* WorkoutMatchingTests.swift */,
				1A0001531F1A0001 /* WeatherForecastTests.swift */,
				1A0001651F1A0002 /* ChatSwapTests.swift */,
				FB000007000000001 /* OnboardingTests.swift */,
				84A561E52F7D614300BA3761 /* ComplianceTests.swift */,
				844AF6C92F7E1B4F004C5060 /* CIScriptTests.swift */,
			);
			path = IronmanTrainerTests;
			sourceTree = "<group>";
		};
		1AA0000A0A0A0001 /* IronmanTrainerWidget */ = {
			isa = PBXGroup;
			children = (
				1AA000150A0A0001 /* IronmanTrainerWidget.entitlements */,
				1AA000020A0A0001 /* IronmanTrainerWidget.swift */,
			);
			path = IronmanTrainerWidget;
			sourceTree = "<group>";
		};
		1AA0000B0A0A0001 /* Frameworks */ = {
			isa = PBXGroup;
			children = (
				1AA000040A0A0001 /* WidgetKit.framework */,
				1AA000060A0A0001 /* SwiftUI.framework */,
			);
			name = Frameworks;
			sourceTree = "<group>";
		};
		84D0F0C22F7C30F7007D9BC7 /* Recovered References */ = {
			isa = PBXGroup;
			children = (
				1A0001081F1A0001 /* Config.xcconfig */,
			);
			name = "Recovered References";
			sourceTree = "<group>";
		};
/* End PBXGroup section */

/* Begin PBXNativeTarget section */
		1A0000091F1A0001 /* IronmanTrainer */ = {
			isa = PBXNativeTarget;
			buildConfigurationList = 1A0001401F1A0001 /* Build configuration list for PBXNativeTarget "IronmanTrainer" */;
			buildPhases = (
				1A0000061F1A0001 /* Sources */,
				1A0000071F1A0001 /* Frameworks */,
				1A0000081F1A0001 /* Resources */,
				1AA000100A0A0001 /* Embed Foundation Extensions */,
				BA000001000000001 /* Increment Build Number */,
				BA000003000000001 /* Inject API Keys */,
			);
			buildRules = (
			);
			dependencies = (
				1AA000110A0A0001 /* PBXTargetDependency */,
			);
			name = IronmanTrainer;
			packageProductDependencies = (
				FB000002000000001 /* FirebaseAuth */,
				FB000003000000001 /* FirebaseFirestore */,
				FB000009000000001 /* FirebaseFunctions */,
			);
			productName = IronmanTrainer;
			productReference = 1A00000A1F1A0001 /* IronmanTrainer.app */;
			productType = "com.apple.product-type.application";
		};
		1A00014D1F1A0001 /* IronmanTrainerTests */ = {
			isa = PBXNativeTarget;
			buildConfigurationList = 1A0001541F1A0001 /* Build configuration list for PBXNativeTarget "IronmanTrainerTests" */;
			buildPhases = (
				1A0001551F1A0001 /* Sources */,
				1A00014C1F1A0001 /* Frameworks */,
			);
			buildRules = (
			);
			dependencies = (
				1A0001581F1A0001 /* PBXTargetDependency */,
			);
			name = IronmanTrainerTests;
			productName = IronmanTrainerTests;
			productReference = 1A00014B1F1A0001 /* IronmanTrainerTests.xctest */;
			productType = "com.apple.product-type.bundle.unit-test";
		};
		1AA0000C0A0A0001 /* IronmanTrainerWidgetExtension */ = {
			isa = PBXNativeTarget;
			buildConfigurationList = 1AA0000D0A0A0001 /* Build configuration list for PBXNativeTarget "IronmanTrainerWidgetExtension" */;
			buildPhases = (
				1AA0000E0A0A0001 /* Sources */,
				1AA000090A0A0001 /* Frameworks */,
				1AA0000F0A0A0001 /* Resources */,
				BA000002000000001 /* Increment Build Number */,
			);
			buildRules = (
			);
			dependencies = (
			);
			name = IronmanTrainerWidgetExtension;
			productName = IronmanTrainerWidgetExtension;
			productReference = 1AA000080A0A0001 /* IronmanTrainerWidgetExtension.appex */;
			productType = "com.apple.product-type.app-extension";
		};
/* End PBXNativeTarget section */

/* Begin PBXProject section */
		1A0000021F1A0001 /* Project object */ = {
			isa = PBXProject;
			attributes = {
				BuildIndependentTargetsInParallel = 1;
				LastSwiftUpdateCheck = 1500;
				LastUpgradeCheck = 1500;
				TargetAttributes = {
					1A0000091F1A0001 = {
						CreatedOnToolsVersion = 15.0;
					};
					1AA0000C0A0A0001 = {
						CreatedOnToolsVersion = 15.0;
					};
				};
			};
			buildConfigurationList = 1A0000041F1A0001 /* Build configuration list for PBXProject "IronmanTrainer" */;
			compatibilityVersion = "Xcode 14.0";
			developmentRegion = en;
			hasScannedForEncodings = 0;
			knownRegions = (
				en,
				Base,
			);
			mainGroup = 1A0000011F1A0001;
			packageReferences = (
				FB000001000000001 /* XCRemoteSwiftPackageReference "firebase-ios-sdk" */,
			);
			productRefGroup = 1A00000B1F1A0001 /* Products */;
			projectDirPath = "";
			projectRoot = "";
			targets = (
				1A0000091F1A0001 /* IronmanTrainer */,
				1A00014D1F1A0001 /* IronmanTrainerTests */,
				1AA0000C0A0A0001 /* IronmanTrainerWidgetExtension */,
			);
		};
/* End PBXProject section */

/* Begin PBXResourcesBuildPhase section */
		1A0000081F1A0001 /* Resources */ = {
			isa = PBXResourcesBuildPhase;
			buildActionMask = 2147483647;
			files = (
				1A0001051F1A0001 /* Assets.xcassets in Resources */,
				1A00010A1F1A0001 /* Config.plist in Resources */,
				1A00010B1F1A0001 /* IronmanTrainer.xcdatamodeld in Resources */,
				7C574DFDBE916CD93B0D2DFC /* GoogleService-Info.plist in Resources */,
			);
			runOnlyForDeploymentPostprocessing = 0;
		};
		1AA0000F0A0A0001 /* Resources */ = {
			isa = PBXResourcesBuildPhase;
			buildActionMask = 2147483647;
			files = (
			);
			runOnlyForDeploymentPostprocessing = 0;
		};
/* End PBXResourcesBuildPhase section */

/* Begin PBXShellScriptBuildPhase section */
		BA000001000000001 /* Increment Build Number */ = {
			isa = PBXShellScriptBuildPhase;
			buildActionMask = 2147483647;
			files = (
			);
			inputFileListPaths = (
			);
			inputPaths = (
			);
			name = "Increment Build Number";
			outputFileListPaths = (
			);
			outputPaths = (
			);
			runOnlyForDeploymentPostprocessing = 0;
			shellPath = /bin/sh;
			shellScript = "# Auto-increment build number\nif [ \"$CI\" = \"TRUE\" ]; then\n  # Xcode Cloud: use CI build number\n  BUILD_NUM=${CI_BUILD_NUMBER:-1}\nelse\n  # Local: use git commit count\n  BUILD_NUM=$(git rev-list --count HEAD 2>/dev/null || echo 1)\nfi\n/usr/libexec/PlistBuddy -c \"Set :CFBundleVersion $BUILD_NUM\" \"${TARGET_BUILD_DIR}/${INFOPLIST_PATH}\"\necho \"Build number set to $BUILD_NUM\"\n";
		};
		BA000002000000001 /* Increment Build Number */ = {
			isa = PBXShellScriptBuildPhase;
			buildActionMask = 2147483647;
			files = (
			);
			inputFileListPaths = (
			);
			inputPaths = (
			);
			name = "Increment Build Number";
			outputFileListPaths = (
			);
			outputPaths = (
			);
			runOnlyForDeploymentPostprocessing = 0;
			shellPath = /bin/sh;
			shellScript = "# Auto-increment build number (must match host app)\nif [ \"$CI\" = \"TRUE\" ]; then\n  BUILD_NUM=${CI_BUILD_NUMBER:-1}\nelse\n  BUILD_NUM=$(git rev-list --count HEAD 2>/dev/null || echo 1)\nfi\n/usr/libexec/PlistBuddy -c \"Set :CFBundleVersion $BUILD_NUM\" \"${TARGET_BUILD_DIR}/${INFOPLIST_PATH}\"\necho \"Widget build number set to $BUILD_NUM\"\n";
		};
		BA000003000000001 /* Inject API Keys */ = {
			isa = PBXShellScriptBuildPhase;
			buildActionMask = 2147483647;
			files = (
			);
			inputFileListPaths = (
			);
			inputPaths = (
			);
			name = "Inject API Keys";
			outputFileListPaths = (
			);
			outputPaths = (
			);
			runOnlyForDeploymentPostprocessing = 0;
			shellPath = /bin/sh;
			shellScript = "# Inject all API keys into plists in built bundle\nBUNDLE=\"${TARGET_BUILD_DIR}/${WRAPPER_NAME}\"\n\n# Firebase\nGS_PLIST=\"$BUNDLE/GoogleService-Info.plist\"\nif [ -f \"$GS_PLIST\" ] && [ -n \"$FIREBASE_API_KEY\" ]; then\n  /usr/libexec/PlistBuddy -c \"Set :API_KEY $FIREBASE_API_KEY\" \"$GS_PLIST\"\n  echo \"Injected Firebase API key\"\nfi\n\n# Anthropic + LangSmith\nCONFIG_PLIST=\"$BUNDLE/Config.plist\"\nif [ -f \"$CONFIG_PLIST\" ]; then\n  if [ -n \"$ANTHROPIC_API_KEY\" ]; then\n    /usr/libexec/PlistBuddy -c \"Set :ANTHROPIC_API_KEY $ANTHROPIC_API_KEY\" \"$CONFIG_PLIST\"\n    echo \"Injected Anthropic API key\"\n  fi\n  if [ -n \"$LANGSMITH_API_KEY\" ]; then\n    /usr/libexec/PlistBuddy -c \"Set :LANGSMITH_API_KEY $LANGSMITH_API_KEY\" \"$CONFIG_PLIST\"\n    echo \"Injected LangSmith API key\"\n  fi\nfi\n";
		};
/* End PBXShellScriptBuildPhase section */

/* Begin PBXSourcesBuildPhase section */
		1A0000061F1A0001 /* Sources */ = {
			isa = PBXSourcesBuildPhase;
			buildActionMask = 2147483647;
			files = (
				84D0F0DC2F7C3697007D9BC7 /* SettingsView.swift in Sources */,
				1A0001031F1A0001 /* ContentView.swift in Sources */,
				84D0F0C42F7C343F007D9BC7 /* AppConstants.swift in Sources */,
				84D0F0CA2F7C3441007D9BC7 /* LangSmithTracer.swift in Sources */,
				84D0F0C62F7C343F007D9BC7 /* TrainingPlanManager.swift in Sources */,
				84D0F0D22F7C35A8007D9BC7 /* SharedComponents.swift in Sources */,
				84D0F0DA2F7C367C007D9BC7 /* PlanView.swift in Sources */,
				84D0F0D42F7C3624007D9BC7 /* HomeView.swift in Sources */,
				84D0F0D82F7C3672007D9BC7 /* ChatView.swift in Sources */,
				84D0F0CC2F7C3450007D9BC7 /* WorkoutMatchingHelpers.swift in Sources */,
				84D0F0CE2F7C354C007D9BC7 /* ClaudeService.swift in Sources */,
				84D0F0C82F7C3441007D9BC7 /* HealthKitManager.swift in Sources */,
				84D0F0D62F7C365F007D9BC7 /* AnalyticsView.swift in Sources */,
				84D0F0D02F7C3592007D9BC7 /* ChatViewModel.swift in Sources */,
				1A0001001F1A0001 /* IronmanTrainerApp.swift in Sources */,
				C57D40CDB802E02BE6CC84BB /* AuthService.swift in Sources */,
				84A561E42F7D612500BA3761 /* WorkoutComplianceService.swift in Sources */,
				F0FF4699BFFD3906A99E46BF /* SignInView.swift in Sources */,
				625049B48489E93AE90639D7 /* UserProfile.swift in Sources */,
				26944AB5AD8038D18D2A1D3A /* FirestoreService.swift in Sources */,
				F1D84CD399E2031469782E91 /* HealthKitOnboardingData.swift in Sources */,
				1104417793A7975B4B149B6E /* OnboardingView.swift in Sources */,
				038644CCB73FF11F044856C2 /* OnboardingViewModel.swift in Sources */,
				9F2B4F4C9A203C9E873B0A4C /* OnboardingChatHelper.swift in Sources */,
			);
			runOnlyForDeploymentPostprocessing = 0;
		};
		1A0001551F1A0001 /* Sources */ = {
			isa = PBXSourcesBuildPhase;
			buildActionMask = 2147483647;
			files = (
				84A561E62F7D614300BA3761 /* ComplianceTests.swift in Sources */,
				844AF6CA2F7E1B4F004C5060 /* CIScriptTests.swift in Sources */,
				1A0001501F1A0001 /* TrainingPlanManagerTests.swift in Sources */,
				1A0001511F1A0001 /* WorkoutMatchingTests.swift in Sources */,
				1A0001521F1A0001 /* WeatherForecastTests.swift in Sources */,
				1A0001641F1A0002 /* ChatSwapTests.swift in Sources */,
				FB000006000000001 /* OnboardingTests.swift in Sources */,
			);
			runOnlyForDeploymentPostprocessing = 0;
		};
		1AA0000E0A0A0001 /* Sources */ = {
			isa = PBXSourcesBuildPhase;
			buildActionMask = 2147483647;
			files = (
				1AA000010A0A0001 /* IronmanTrainerWidget.swift in Sources */,
			);
			runOnlyForDeploymentPostprocessing = 0;
		};
/* End PBXSourcesBuildPhase section */

/* Begin PBXTargetDependency section */
		1A0001581F1A0001 /* PBXTargetDependency */ = {
			isa = PBXTargetDependency;
			target = 1A0000091F1A0001 /* IronmanTrainer */;
			targetProxy = 1A0001591F1A0001 /* PBXContainerItemProxy */;
		};
		1AA000110A0A0001 /* PBXTargetDependency */ = {
			isa = PBXTargetDependency;
			target = 1AA0000C0A0A0001 /* IronmanTrainerWidgetExtension */;
			targetProxy = 1AA000120A0A0001 /* PBXContainerItemProxy */;
		};
/* End PBXTargetDependency section */

/* Begin XCBuildConfiguration section */
		1A0001341F1A0001 /* Debug */ = {
			isa = XCBuildConfiguration;
			baseConfigurationReference = 1A0001081F1A0001 /* Config.xcconfig */;
			buildSettings = {
				ASSETCATALOG_COMPILER_APPICON_NAME = AppIcon;
				ASSETCATALOG_COMPILER_GLOBAL_ACCENT_COLOR_NAME = AccentColor;
				CODE_SIGN_ENTITLEMENTS = IronmanTrainer/IronmanTrainer.entitlements;
				CODE_SIGN_IDENTITY = "Apple Development";
				CODE_SIGN_STYLE = Automatic;
				CURRENT_PROJECT_VERSION = 1;
				DEVELOPMENT_ASSET_PATHS = "\"IronmanTrainer/Preview Content\"";
				DEVELOPMENT_TEAM = F85CVKP4V9;
				ENABLE_PREVIEWS = YES;
				ENABLE_TESTABILITY = YES;
				GENERATE_INFOPLIST_FILE = YES;
				INFOPLIST_FILE = IronmanTrainer/Info.plist;
				INFOPLIST_KEY_NSHealthShareUsageDescription = "We need access to your workout data from Apple Health to track your training progress and sync with your Ironman 70.3 training plan.";
				INFOPLIST_KEY_NSHealthUpdateUsageDescription = "We need access to write workout data to Apple Health as part of your training tracking.";
				INFOPLIST_KEY_UIApplicationSceneManifestSchema_UIApplicationSupportsMultipleScenes = YES;
				INFOPLIST_KEY_UIApplicationSupportsIndirectInputEvents = YES;
				INFOPLIST_KEY_UILaunchScreen_Generation = YES;
				INFOPLIST_KEY_UISupportedInterfaceOrientations_iPad = "UIInterfaceOrientationPortrait UIInterfaceOrientationPortraitUpsideDown UIInterfaceOrientationLandscapeLeft UIInterfaceOrientationLandscapeRight";
				INFOPLIST_KEY_UISupportedInterfaceOrientations_iPhone = "UIInterfaceOrientationPortrait UIInterfaceOrientationLandscapeLandscapeRight";
				IPHONEOS_DEPLOYMENT_TARGET = 17.0;
				LD_RUNPATH_SEARCH_PATHS = (
					"$(inherited)",
					"@executable_path/Frameworks",
				);
				MARKETING_VERSION = 1.0;
				ONLY_ACTIVE_ARCH = YES;
				OTHER_LDFLAGS = (
					"-framework",
					HealthKit,
				);
				PRODUCT_BUNDLE_IDENTIFIER = com.brent.ironmantrainer;
				PRODUCT_NAME = "$(TARGET_NAME)";
				PROVISIONING_PROFILE_SPECIFIER = "";
				SDKROOT = iphoneos;
				SWIFT_EMIT_LOC_STRINGS = YES;
				SWIFT_OPTIMIZATION_LEVEL = "-Onone";
				SWIFT_VERSION = 5.0;
				TARGETED_DEVICE_FAMILY = "1,2";
			};
			name = Debug;
		};
		1A0001351F1A0001 /* Release */ = {
			isa = XCBuildConfiguration;
			baseConfigurationReference = 1A0001081F1A0001 /* Config.xcconfig */;
			buildSettings = {
				ASSETCATALOG_COMPILER_APPICON_NAME = AppIcon;
				ASSETCATALOG_COMPILER_GLOBAL_ACCENT_COLOR_NAME = AccentColor;
				CODE_SIGN_ENTITLEMENTS = IronmanTrainer/IronmanTrainer.entitlements;
				CODE_SIGN_IDENTITY = "Apple Development";
				CODE_SIGN_STYLE = Automatic;
				CURRENT_PROJECT_VERSION = 1;
				DEVELOPMENT_ASSET_PATHS = "\"IronmanTrainer/Preview Content\"";
				DEVELOPMENT_TEAM = F85CVKP4V9;
				ENABLE_PREVIEWS = YES;
				GENERATE_INFOPLIST_FILE = YES;
				INFOPLIST_FILE = IronmanTrainer/Info.plist;
				INFOPLIST_KEY_NSHealthShareUsageDescription = "We need access to your workout data from Apple Health to track your training progress and sync with your Ironman 70.3 training plan.";
				INFOPLIST_KEY_NSHealthUpdateUsageDescription = "We need access to write workout data to Apple Health as part of your training tracking.";
				INFOPLIST_KEY_UIApplicationSceneManifestSchema_UIApplicationSupportsMultipleScenes = YES;
				INFOPLIST_KEY_UIApplicationSupportsIndirectInputEvents = YES;
				INFOPLIST_KEY_UILaunchScreen_Generation = YES;
				INFOPLIST_KEY_UISupportedInterfaceOrientations_iPad = "UIInterfaceOrientationPortrait UIInterfaceOrientationPortraitUpsideDown UIInterfaceOrientationLandscapeLeft UIInterfaceOrientationLandscapeRight";
				INFOPLIST_KEY_UISupportedInterfaceOrientations_iPhone = "UIInterfaceOrientationPortrait UIInterfaceOrientationLandscapeLandscapeRight";
				IPHONEOS_DEPLOYMENT_TARGET = 17.0;
				LD_RUNPATH_SEARCH_PATHS = (
					"$(inherited)",
					"@executable_path/Frameworks",
				);
				MARKETING_VERSION = 1.0;
				OTHER_LDFLAGS = (
					"-framework",
					HealthKit,
				);
				PRODUCT_BUNDLE_IDENTIFIER = com.brent.ironmantrainer;
				PRODUCT_NAME = "$(TARGET_NAME)";
				PROVISIONING_PROFILE_SPECIFIER = "";
				SDKROOT = iphoneos;
				SWIFT_EMIT_LOC_STRINGS = NO;
				SWIFT_VERSION = 5.0;
				TARGETED_DEVICE_FAMILY = "1,2";
			};
			name = Release;
		};
		1A0001561F1A0001 /* Debug */ = {
			isa = XCBuildConfiguration;
			buildSettings = {
				BUNDLE_LOADER = "$(TEST_HOST)";
				CODE_SIGN_STYLE = Automatic;
				CURRENT_PROJECT_VERSION = 1;
				DEVELOPMENT_TEAM = F85CVKP4V9;
				GENERATE_INFOPLIST_FILE = YES;
				IPHONEOS_DEPLOYMENT_TARGET = 17.0;
				MARKETING_VERSION = 1.0;
				PRODUCT_BUNDLE_IDENTIFIER = com.brent.ironmantrainertests;
				PRODUCT_NAME = "$(TARGET_NAME)";
				SDKROOT = iphoneos;
				SWIFT_VERSION = 5.0;
				TARGETED_DEVICE_FAMILY = "1,2";
				TEST_HOST = "$(BUILT_PRODUCTS_DIR)/IronmanTrainer.app/$(BUNDLE_EXECUTABLE_FOLDER_PATH)/IronmanTrainer";
			};
			name = Debug;
		};
		1A0001571F1A0001 /* Release */ = {
			isa = XCBuildConfiguration;
			buildSettings = {
				BUNDLE_LOADER = "$(TEST_HOST)";
				CODE_SIGN_STYLE = Automatic;
				CURRENT_PROJECT_VERSION = 1;
				DEVELOPMENT_TEAM = F85CVKP4V9;
				GENERATE_INFOPLIST_FILE = YES;
				IPHONEOS_DEPLOYMENT_TARGET = 17.0;
				MARKETING_VERSION = 1.0;
				PRODUCT_BUNDLE_IDENTIFIER = com.brent.ironmantrainertests;
				PRODUCT_NAME = "$(TARGET_NAME)";
				SDKROOT = iphoneos;
				SWIFT_VERSION = 5.0;
				TARGETED_DEVICE_FAMILY = "1,2";
				TEST_HOST = "$(BUILT_PRODUCTS_DIR)/IronmanTrainer.app/$(BUNDLE_EXECUTABLE_FOLDER_PATH)/IronmanTrainer";
			};
			name = Release;
		};
		1AA000130A0A0001 /* Debug */ = {
			isa = XCBuildConfiguration;
			buildSettings = {
				CODE_SIGN_ENTITLEMENTS = IronmanTrainerWidget/IronmanTrainerWidget.entitlements;
				CODE_SIGN_STYLE = Automatic;
				CURRENT_PROJECT_VERSION = 1;
				DEVELOPMENT_TEAM = F85CVKP4V9;
				GENERATE_INFOPLIST_FILE = YES;
				INFOPLIST_FILE = IronmanTrainerWidget/Info.plist;
				INFOPLIST_KEY_CFBundleDisplayName = IronmanTrainerWidget;
				INFOPLIST_KEY_NSHumanReadableCopyright = "";
				IPHONEOS_DEPLOYMENT_TARGET = 17.0;
				LD_RUNPATH_SEARCH_PATHS = (
					"$(inherited)",
					"@executable_path/Frameworks",
					"@executable_path/../../Frameworks",
				);
				MARKETING_VERSION = 1.0;
				PRODUCT_BUNDLE_IDENTIFIER = com.brent.ironmantrainer.widget;
				PRODUCT_NAME = "$(TARGET_NAME)";
				SDKROOT = iphoneos;
				SKIP_INSTALL = YES;
				SWIFT_EMIT_LOC_STRINGS = YES;
				SWIFT_VERSION = 5.0;
				TARGETED_DEVICE_FAMILY = "1,2";
			};
			name = Debug;
		};
		1AA000140A0A0001 /* Release */ = {
			isa = XCBuildConfiguration;
			buildSettings = {
				CODE_SIGN_ENTITLEMENTS = IronmanTrainerWidget/IronmanTrainerWidget.entitlements;
				CODE_SIGN_STYLE = Automatic;
				CURRENT_PROJECT_VERSION = 1;
				DEVELOPMENT_TEAM = F85CVKP4V9;
				GENERATE_INFOPLIST_FILE = YES;
				INFOPLIST_FILE = IronmanTrainerWidget/Info.plist;
				INFOPLIST_KEY_CFBundleDisplayName = IronmanTrainerWidget;
				INFOPLIST_KEY_NSHumanReadableCopyright = "";
				IPHONEOS_DEPLOYMENT_TARGET = 17.0;
				LD_RUNPATH_SEARCH_PATHS = (
					"$(inherited)",
					"@executable_path/Frameworks",
					"@executable_path/../../Frameworks",
				);
				MARKETING_VERSION = 1.0;
				PRODUCT_BUNDLE_IDENTIFIER = com.brent.ironmantrainer.widget;
				PRODUCT_NAME = "$(TARGET_NAME)";
				SDKROOT = iphoneos;
				SKIP_INSTALL = YES;
				SWIFT_EMIT_LOC_STRINGS = YES;
				SWIFT_VERSION = 5.0;
				TARGETED_DEVICE_FAMILY = "1,2";
			};
			name = Release;
		};
/* End XCBuildConfiguration section */

/* Begin XCConfigurationList section */
		1A0000041F1A0001 /* Build configuration list for PBXProject "IronmanTrainer" */ = {
			isa = XCConfigurationList;
			buildConfigurations = (
				1A0001341F1A0001 /* Debug */,
				1A0001351F1A0001 /* Release */,
			);
			defaultConfigurationIsVisible = 0;
			defaultConfigurationName = Release;
		};
		1A0001401F1A0001 /* Build configuration list for PBXNativeTarget "IronmanTrainer" */ = {
			isa = XCConfigurationList;
			buildConfigurations = (
				1A0001341F1A0001 /* Debug */,
				1A0001351F1A0001 /* Release */,
			);
			defaultConfigurationIsVisible = 0;
			defaultConfigurationName = Release;
		};
		1A0001541F1A0001 /* Build configuration list for PBXNativeTarget "IronmanTrainerTests" */ = {
			isa = XCConfigurationList;
			buildConfigurations = (
				1A0001561F1A0001 /* Debug */,
				1A0001571F1A0001 /* Release */,
			);
			defaultConfigurationIsVisible = 0;
			defaultConfigurationName = Release;
		};
		1AA0000D0A0A0001 /* Build configuration list for PBXNativeTarget "IronmanTrainerWidgetExtension" */ = {
			isa = XCConfigurationList;
			buildConfigurations = (
				1AA000130A0A0001 /* Debug */,
				1AA000140A0A0001 /* Release */,
			);
			defaultConfigurationIsVisible = 0;
			defaultConfigurationName = Release;
		};
/* End XCConfigurationList section */

/* Begin XCRemoteSwiftPackageReference section */
		FB000001000000001 /* XCRemoteSwiftPackageReference "firebase-ios-sdk" */ = {
			isa = XCRemoteSwiftPackageReference;
			repositoryURL = "https://github.com/firebase/firebase-ios-sdk";
			requirement = {
				kind = exactVersion;
				version = 12.7.0;
			};
		};
/* End XCRemoteSwiftPackageReference section */

/* Begin XCSwiftPackageProductDependency section */
		FB000002000000001 /* FirebaseAuth */ = {
			isa = XCSwiftPackageProductDependency;
			package = FB000001000000001 /* XCRemoteSwiftPackageReference "firebase-ios-sdk" */;
			productName = FirebaseAuth;
		};
		FB000003000000001 /* FirebaseFirestore */ = {
			isa = XCSwiftPackageProductDependency;
			package = FB000001000000001 /* XCRemoteSwiftPackageReference "firebase-ios-sdk" */;
			productName = FirebaseFirestore;
		};
		FB000009000000001 /* FirebaseFunctions */ = {
			isa = XCSwiftPackageProductDependency;
			package = FB000001000000001 /* XCRemoteSwiftPackageReference "firebase-ios-sdk" */;
			productName = FirebaseFunctions;
		};
/* End XCSwiftPackageProductDependency section */
	};
	rootObject = 1A0000021F1A0001 /* Project object */;
}
